
Microsoft Visual Studio Solution File, Format Version 12.00
# Visual Studio Version 16
VisualStudioVersion = 16.0.29609.76
MinimumVisualStudioVersion = 10.0.40219.1
Project("{FAE04EC0-301F-11D3-BF4B-00C04F79EFBC}") = "Proje18Export", "Proje18Export\Proje18Export.csproj", "{B0F1F9CB-1AFB-4DE7-9023-8A8ACD3EFE40}"
EndProject
Global
	GlobalSection(SolutionConfigurationPlatforms) = preSolution
		Debug|Any CPU = Debug|Any CPU
		Release|Any CPU = Release|Any CPU
	EndGlobalSection
	GlobalSection(ProjectConfigurationPlatforms) = postSolution
		{B0F1F9CB-1AFB-4DE7-9023-8A8ACD3EFE40}.Debug|Any CPU.ActiveCfg = Debug|Any CPU
		{B0F1F9CB-1AFB-4DE7-9023-8A8ACD3EFE40}.Debug|Any CPU.Build.0 = Debug|Any CPU
		{B0F1F9CB-1AFB-4DE7-9023-8A8ACD3EFE40}.Release|Any CPU.ActiveCfg = Release|Any CPU
		{B0F1F9CB-1AFB-4DE7-9023-8A8ACD3EFE40}.Release|Any CPU.Build.0 = Release|Any CPU
	EndGlobalSection
	GlobalSection(SolutionProperties) = preSolution
		HideSolutionNode = FALSE
	EndGlobalSection
	GlobalSection(ExtensibilityGlobals) = postSolution
		SolutionGuid = {C5A5F8B5-F56B-4DBB-8C4A-1C4B9E1F4200}
	EndGlobalSection
EndGlobal
